
Microsoft Visual Studio Solution File, Format Version 12.00
# Visual Studio 2013
VisualStudioVersion = 12.0.30110.0
MinimumVisualStudioVersion = 10.0.40219.1
Project("{FAE04EC0-301F-11D3-BF4B-00C04F79EFBC}") = "BDHeroGUI", "Core\BDHeroGUI\BDHeroGUI.csproj", "{0A807DFE-9F38-418E-A811-649B9AD78102}"
	ProjectSection(ProjectDependencies) = postProject
		{BC034709-D769-4180-A2D8-0A20E1845CD8} = {BC034709-D769-4180-A2D8-0A20E1845CD8}
		{1462CA15-D742-49A9-8612-DF1E87D1B2AE} = {1462CA15-D742-49A9-8612-DF1E87D1B2AE}
		{580ED668-6299-4147-BB62-8E6376DCBBD2} = {580ED668-6299-4147-BB62-8E6376DCBBD2}
		{08A3C27D-B83F-4F46-B42A-C05B49ACBFED} = {08A3C27D-B83F-4F46-B42A-C05B49ACBFED}
		{315ED78B-F3FD-4C69-8786-CCD216A5495D} = {315ED78B-F3FD-4C69-8786-CCD216A5495D}
		{112762A2-52A3-4D52-A9F6-DA2D7220C758} = {112762A2-52A3-4D52-A9F6-DA2D7220C758}
		{E840ABD1-AA8B-47E9-9B2A-948B37E418E3} = {E840ABD1-AA8B-47E9-9B2A-948B37E418E3}
		{5CA591E9-4CA6-44F2-88AB-0ABEA0667F1B} = {5CA591E9-4CA6-44F2-88AB-0ABEA0667F1B}
	EndProjectSection
EndProject
Project("{FAE04EC0-301F-11D3-BF4B-00C04F79EFBC}") = "BDHeroCLI", "Core\BDHeroCLI\BDHeroCLI.csproj", "{F8F1988D-A66D-4646-A533-5EC367656C9E}"
	ProjectSection(ProjectDependencies) = postProject
		{BC034709-D769-4180-A2D8-0A20E1845CD8} = {BC034709-D769-4180-A2D8-0A20E1845CD8}
		{1462CA15-D742-49A9-8612-DF1E87D1B2AE} = {1462CA15-D742-49A9-8612-DF1E87D1B2AE}
		{580ED668-6299-4147-BB62-8E6376DCBBD2} = {580ED668-6299-4147-BB62-8E6376DCBBD2}
		{08A3C27D-B83F-4F46-B42A-C05B49ACBFED} = {08A3C27D-B83F-4F46-B42A-C05B49ACBFED}
		{315ED78B-F3FD-4C69-8786-CCD216A5495D} = {315ED78B-F3FD-4C69-8786-CCD216A5495D}
		{112762A2-52A3-4D52-A9F6-DA2D7220C758} = {112762A2-52A3-4D52-A9F6-DA2D7220C758}
		{E840ABD1-AA8B-47E9-9B2A-948B37E418E3} = {E840ABD1-AA8B-47E9-9B2A-948B37E418E3}
		{5CA591E9-4CA6-44F2-88AB-0ABEA0667F1B} = {5CA591E9-4CA6-44F2-88AB-0ABEA0667F1B}
	EndProjectSection
EndProject
Project("{FAE04EC0-301F-11D3-BF4B-00C04F79EFBC}") = "ProcessUtils", "Libraries\ProcessUtils\ProcessUtils.csproj", "{896F47DD-A9FC-413C-B125-8E999F72E101}"
EndProject
Project("{FAE04EC0-301F-11D3-BF4B-00C04F79EFBC}") = "DotNetUtils", "Libraries\DotNetUtils\DotNetUtils.csproj", "{B95F9FD4-F2BB-44C8-9A3A-F2210670A51C}"
EndProject
Project("{FAE04EC0-301F-11D3-BF4B-00C04F79EFBC}") = "BDHero", "Core\BDHero\BDHero.csproj", "{8DB79B29-2598-40EC-B57B-C8FCE7DA0F19}"
EndProject
Project("{FAE04EC0-301F-11D3-BF4B-00C04F79EFBC}") = "DiscReaderPlugin", "Plugins\DiscReaderPlugin\DiscReaderPlugin.csproj", "{315ED78B-F3FD-4C69-8786-CCD216A5495D}"
EndProject
Project("{FAE04EC0-301F-11D3-BF4B-00C04F79EFBC}") = "BDInfo", "Libraries\BDInfo\BDInfo.csproj", "{DFF91717-C9EF-4881-9827-81D25F9A71A3}"
EndProject
Project("{FAE04EC0-301F-11D3-BF4B-00C04F79EFBC}") = "I18N", "Libraries\I18N\I18N.csproj", "{1FBE870D-5664-4B24-A768-8A175A72ADDF}"
EndProject
Project("{FAE04EC0-301F-11D3-BF4B-00C04F79EFBC}") = "FFmpegMuxerPlugin", "Plugins\FFmpegMuxerPlugin\FFmpegMuxerPlugin.csproj", "{580ED668-6299-4147-BB62-8E6376DCBBD2}"
EndProject
Project("{FAE04EC0-301F-11D3-BF4B-00C04F79EFBC}") = "MkvMergeMuxerPlugin", "Plugins\MkvMergeMuxerPlugin\MkvMergeMuxerPlugin.csproj", "{7E69F954-9BB3-4EB4-AB15-4727536945E8}"
EndProject
Project("{FAE04EC0-301F-11D3-BF4B-00C04F79EFBC}") = "ChapterWriterPlugin", "Plugins\ChapterWriterPlugin\ChapterWriterPlugin.csproj", "{08A3C27D-B83F-4F46-B42A-C05B49ACBFED}"
EndProject
Project("{FAE04EC0-301F-11D3-BF4B-00C04F79EFBC}") = "AutoDetectorPlugin", "Plugins\AutoDetectorPlugin\AutoDetectorPlugin.csproj", "{E840ABD1-AA8B-47E9-9B2A-948B37E418E3}"
EndProject
Project("{FAE04EC0-301F-11D3-BF4B-00C04F79EFBC}") = "TmdbPlugin", "Plugins\TmdbPlugin\TmdbPlugin.csproj", "{BC034709-D769-4180-A2D8-0A20E1845CD8}"
EndProject
Project("{FAE04EC0-301F-11D3-BF4B-00C04F79EFBC}") = "ChapterGrabberPlugin", "Plugins\ChapterGrabberPlugin\ChapterGrabberPlugin.csproj", "{112762A2-52A3-4D52-A9F6-DA2D7220C758}"
EndProject
Project("{FAE04EC0-301F-11D3-BF4B-00C04F79EFBC}") = "FileNamerPlugin", "Plugins\FileNamerPlugin\FileNamerPlugin.csproj", "{1462CA15-D742-49A9-8612-DF1E87D1B2AE}"
EndProject
Project("{2150E333-8FDC-42A3-9474-1A3956D46DE8}") = "Plugins", "Plugins", "{1EDDCB2C-2A32-4DD7-BBF1-89A33D7ED12C}"
EndProject
Project("{2150E333-8FDC-42A3-9474-1A3956D46DE8}") = "Libraries", "Libraries", "{94E76990-53DB-430E-B933-991130369AEE}"
EndProject
Project("{FAE04EC0-301F-11D3-BF4B-00C04F79EFBC}") = "Packager", "Build\Packager\Packager.csproj", "{ADA19178-9578-4B0A-95B1-D26DB40A4972}"
	ProjectSection(ProjectDependencies) = postProject
		{BC034709-D769-4180-A2D8-0A20E1845CD8} = {BC034709-D769-4180-A2D8-0A20E1845CD8}
		{1FBE870D-5664-4B24-A768-8A175A72ADDF} = {1FBE870D-5664-4B24-A768-8A175A72ADDF}
		{1462CA15-D742-49A9-8612-DF1E87D1B2AE} = {1462CA15-D742-49A9-8612-DF1E87D1B2AE}
		{DFF91717-C9EF-4881-9827-81D25F9A71A3} = {DFF91717-C9EF-4881-9827-81D25F9A71A3}
		{E1F2C620-F968-4DD0-9A1D-B3070F9F4F3C} = {E1F2C620-F968-4DD0-9A1D-B3070F9F4F3C}
		{8DB79B29-2598-40EC-B57B-C8FCE7DA0F19} = {8DB79B29-2598-40EC-B57B-C8FCE7DA0F19}
		{A673442D-599D-4332-BCFA-8EC02171EFC0} = {A673442D-599D-4332-BCFA-8EC02171EFC0}
		{A15E3E31-D4C2-472C-9FF0-D90387C18311} = {A15E3E31-D4C2-472C-9FF0-D90387C18311}
		{D98FBB34-9674-4CAC-99F1-4B788B78DC77} = {D98FBB34-9674-4CAC-99F1-4B788B78DC77}
		{2D56D636-1D17-400A-8C0A-0272F1013DFC} = {2D56D636-1D17-400A-8C0A-0272F1013DFC}
		{F39EA837-99DD-4453-AA1A-DE408D47A0A6} = {F39EA837-99DD-4453-AA1A-DE408D47A0A6}
		{899FA942-7A28-4228-B93D-012174419865} = {899FA942-7A28-4228-B93D-012174419865}
		{7E69F954-9BB3-4EB4-AB15-4727536945E8} = {7E69F954-9BB3-4EB4-AB15-4727536945E8}
		{580ED668-6299-4147-BB62-8E6376DCBBD2} = {580ED668-6299-4147-BB62-8E6376DCBBD2}
		{08A3C27D-B83F-4F46-B42A-C05B49ACBFED} = {08A3C27D-B83F-4F46-B42A-C05B49ACBFED}
		{CE53747F-D2E6-4E1E-9EF4-A0AE02671B1D} = {CE53747F-D2E6-4E1E-9EF4-A0AE02671B1D}
		{315ED78B-F3FD-4C69-8786-CCD216A5495D} = {315ED78B-F3FD-4C69-8786-CCD216A5495D}
		{A17D678C-F60A-4120-B274-EC284E86FEB9} = {A17D678C-F60A-4120-B274-EC284E86FEB9}
		{74916E8E-9384-4BEF-B422-64A62DE8D461} = {74916E8E-9384-4BEF-B422-64A62DE8D461}
		{DB13678F-8815-4BEC-8198-2BAC286A3BAF} = {DB13678F-8815-4BEC-8198-2BAC286A3BAF}
		{EE69E896-8779-4E3D-A033-75A96F28DE2F} = {EE69E896-8779-4E3D-A033-75A96F28DE2F}
		{112762A2-52A3-4D52-A9F6-DA2D7220C758} = {112762A2-52A3-4D52-A9F6-DA2D7220C758}
		{B695A3B0-09BD-42CB-975D-496EBF1CDFA8} = {B695A3B0-09BD-42CB-975D-496EBF1CDFA8}
		{0CD6FAB9-C06F-4E22-9BA5-A5ADAD3F61B1} = {0CD6FAB9-C06F-4E22-9BA5-A5ADAD3F61B1}
		{B3694ACC-C425-4335-A865-B2685D5E429F} = {B3694ACC-C425-4335-A865-B2685D5E429F}
		{E840ABD1-AA8B-47E9-9B2A-948B37E418E3} = {E840ABD1-AA8B-47E9-9B2A-948B37E418E3}
		{290353D2-DD81-4374-9C6A-D8364D33A38C} = {290353D2-DD81-4374-9C6A-D8364D33A38C}
		{B95F9FD4-F2BB-44C8-9A3A-F2210670A51C} = {B95F9FD4-F2BB-44C8-9A3A-F2210670A51C}
		{D9B387D9-6C12-491E-9680-520484809F05} = {D9B387D9-6C12-491E-9680-520484809F05}
		{896F47DD-A9FC-413C-B125-8E999F72E101} = {896F47DD-A9FC-413C-B125-8E999F72E101}
		{C28A1DE0-08AA-4E5E-9450-2F86E7F59DB0} = {C28A1DE0-08AA-4E5E-9450-2F86E7F59DB0}
		{5CA591E9-4CA6-44F2-88AB-0ABEA0667F1B} = {5CA591E9-4CA6-44F2-88AB-0ABEA0667F1B}
		{664DCDF5-6F5D-4564-A810-68F688DB774F} = {664DCDF5-6F5D-4564-A810-68F688DB774F}
		{69AE48FD-B09E-464C-8503-370DB044084A} = {69AE48FD-B09E-464C-8503-370DB044084A}
	EndProjectSection
EndProject
Project("{2150E333-8FDC-42A3-9474-1A3956D46DE8}") = "Tests", "Tests", "{575F3929-9035-463E-A482-0990EA92CCE6}"
EndProject
Project("{2150E333-8FDC-42A3-9474-1A3956D46DE8}") = "Unit", "Unit", "{4240C059-B3D4-4E00-B35F-D56D2B943AFE}"
EndProject
Project("{FAE04EC0-301F-11D3-BF4B-00C04F79EFBC}") = "DotNetUtilsUnitTests", "Tests\Unit\DotNetUtilsUnitTests\DotNetUtilsUnitTests.csproj", "{0CD6FAB9-C06F-4E22-9BA5-A5ADAD3F61B1}"
EndProject
Project("{FAE04EC0-301F-11D3-BF4B-00C04F79EFBC}") = "OSUtils", "Libraries\OSUtils\OSUtils.csproj", "{EE69E896-8779-4E3D-A033-75A96F28DE2F}"
EndProject
Project("{FAE04EC0-301F-11D3-BF4B-00C04F79EFBC}") = "WindowsOSUtils", "Libraries\WindowsOSUtils\WindowsOSUtils.csproj", "{A673442D-599D-4332-BCFA-8EC02171EFC0}"
EndProject
Project("{FAE04EC0-301F-11D3-BF4B-00C04F79EFBC}") = "IsanPlugin", "Plugins\IsanPlugin\IsanPlugin.csproj", "{5CA591E9-4CA6-44F2-88AB-0ABEA0667F1B}"
EndProject
Project("{FAE04EC0-301F-11D3-BF4B-00C04F79EFBC}") = "IsanPluginTests", "Tests\Unit\IsanPluginTests\IsanPluginTests.csproj", "{69AE48FD-B09E-464C-8503-370DB044084A}"
EndProject
Project("{FAE04EC0-301F-11D3-BF4B-00C04F79EFBC}") = "Versioner", "Build\Versioner\Versioner.csproj", "{A17D678C-F60A-4120-B274-EC284E86FEB9}"
	ProjectSection(ProjectDependencies) = postProject
		{D9B387D9-6C12-491E-9680-520484809F05} = {D9B387D9-6C12-491E-9680-520484809F05}
	EndProjectSection
EndProject
Project("{2150E333-8FDC-42A3-9474-1A3956D46DE8}") = "Build", "Build", "{49210501-785D-4DCD-8C8F-53EB07EBA150}"
EndProject
Project("{FAE04EC0-301F-11D3-BF4B-00C04F79EFBC}") = "Hasher", "Build\Hasher\Hasher.csproj", "{E1F2C620-F968-4DD0-9A1D-B3070F9F4F3C}"
	ProjectSection(ProjectDependencies) = postProject
		{D9B387D9-6C12-491E-9680-520484809F05} = {D9B387D9-6C12-491E-9680-520484809F05}
	EndProjectSection
EndProject
Project("{2150E333-8FDC-42A3-9474-1A3956D46DE8}") = "Core", "Core", "{C1A6C1BA-8DD5-4AFA-B6FD-83FD55940A06}"
EndProject
Project("{FAE04EC0-301F-11D3-BF4B-00C04F79EFBC}") = "UpdateLib", "Core\UpdateLib\UpdateLib.csproj", "{F39EA837-99DD-4453-AA1A-DE408D47A0A6}"
EndProject
Project("{FAE04EC0-301F-11D3-BF4B-00C04F79EFBC}") = "UpdaterTests", "Tests\Unit\UpdaterTests\UpdaterTests.csproj", "{C28A1DE0-08AA-4E5E-9450-2F86E7F59DB0}"
EndProject
Project("{FAE04EC0-301F-11D3-BF4B-00C04F79EFBC}") = "UMGen", "Build\UMGen\UMGen.csproj", "{D98FBB34-9674-4CAC-99F1-4B788B78DC77}"
	ProjectSection(ProjectDependencies) = postProject
		{D9B387D9-6C12-491E-9680-520484809F05} = {D9B387D9-6C12-491E-9680-520484809F05}
	EndProjectSection
EndProject
Project("{FAE04EC0-301F-11D3-BF4B-00C04F79EFBC}") = "BuildUtils", "Build\BuildUtils\BuildUtils.csproj", "{B3694ACC-C425-4335-A865-B2685D5E429F}"
EndProject
Project("{FAE04EC0-301F-11D3-BF4B-00C04F79EFBC}") = "DotNetTests", "Tests\Unit\DotNetTests\DotNetTests.csproj", "{899FA942-7A28-4228-B93D-012174419865}"
EndProject
Project("{2150E333-8FDC-42A3-9474-1A3956D46DE8}") = ".nuget", ".nuget", "{FA4DB103-9248-4D38-BC3B-C4128B2CEB72}"
	ProjectSection(SolutionItems) = preProject
		.nuget\NuGet.Config = .nuget\NuGet.Config
		.nuget\NuGet.exe = .nuget\NuGet.exe
		.nuget\NuGet.targets = .nuget\NuGet.targets
	EndProjectSection
EndProject
Project("{FAE04EC0-301F-11D3-BF4B-00C04F79EFBC}") = "Tools", "Build\Tools\Tools.csproj", "{D9B387D9-6C12-491E-9680-520484809F05}"
EndProject
Project("{FAE04EC0-301F-11D3-BF4B-00C04F79EFBC}") = "Restorer", "Build\Restorer\Restorer.csproj", "{74916E8E-9384-4BEF-B422-64A62DE8D461}"
EndProject
Project("{FAE04EC0-301F-11D3-BF4B-00C04F79EFBC}") = "IconLib", "Libraries\IconLib\IconLib.csproj", "{CE53747F-D2E6-4E1E-9EF4-A0AE02671B1D}"
EndProject
Project("{FAE04EC0-301F-11D3-BF4B-00C04F79EFBC}") = "WebBrowserUtils", "Libraries\WebBrowserUtils\WebBrowserUtils.csproj", "{DB13678F-8815-4BEC-8198-2BAC286A3BAF}"
EndProject
Project("{FAE04EC0-301F-11D3-BF4B-00C04F79EFBC}") = "LicenseUtils", "Libraries\LicenseUtils\LicenseUtils.csproj", "{B695A3B0-09BD-42CB-975D-496EBF1CDFA8}"
EndProject
Project("{FAE04EC0-301F-11D3-BF4B-00C04F79EFBC}") = "LicenseUtilsTests", "Tests\Unit\LicenseUtilsTests\LicenseUtilsTests.csproj", "{A15E3E31-D4C2-472C-9FF0-D90387C18311}"
EndProject
Project("{FAE04EC0-301F-11D3-BF4B-00C04F79EFBC}") = "Markdowner", "Build\Markdowner\Markdowner.csproj", "{664DCDF5-6F5D-4564-A810-68F688DB774F}"
EndProject
Project("{FAE04EC0-301F-11D3-BF4B-00C04F79EFBC}") = "NativeAPI", "Libraries\NativeAPI\NativeAPI.csproj", "{2D56D636-1D17-400A-8C0A-0272F1013DFC}"
EndProject
Project("{FAE04EC0-301F-11D3-BF4B-00C04F79EFBC}") = "GitHub", "Libraries\GitHub\GitHub.csproj", "{290353D2-DD81-4374-9C6A-D8364D33A38C}"
EndProject
Project("{FAE04EC0-301F-11D3-BF4B-00C04F79EFBC}") = "TextEditor", "Libraries\TextEditor\TextEditor.csproj", "{ACD66B56-A9CF-4958-8050-07DDD1AA43BF}"
EndProject
Global
	GlobalSection(SolutionConfigurationPlatforms) = preSolution
		Debug|Any CPU = Debug|Any CPU
		Debug|Mixed Platforms = Debug|Mixed Platforms
		Debug|Win32 = Debug|Win32
		Debug|x86 = Debug|x86
		Release|Any CPU = Release|Any CPU
		Release|Mixed Platforms = Release|Mixed Platforms
		Release|Win32 = Release|Win32
		Release|x86 = Release|x86
	EndGlobalSection
	GlobalSection(ProjectConfigurationPlatforms) = postSolution
		{0A807DFE-9F38-418E-A811-649B9AD78102}.Debug|Any CPU.ActiveCfg = Debug|Any CPU
		{0A807DFE-9F38-418E-A811-649B9AD78102}.Debug|Any CPU.Build.0 = Debug|Any CPU
		{0A807DFE-9F38-418E-A811-649B9AD78102}.Debug|Mixed Platforms.ActiveCfg = Debug|Any CPU
		{0A807DFE-9F38-418E-A811-649B9AD78102}.Debug|Mixed Platforms.Build.0 = Debug|Any CPU
		{0A807DFE-9F38-418E-A811-649B9AD78102}.Debug|Win32.ActiveCfg = Debug|x86
		{0A807DFE-9F38-418E-A811-649B9AD78102}.Debug|x86.ActiveCfg = Debug|x86
		{0A807DFE-9F38-418E-A811-649B9AD78102}.Debug|x86.Build.0 = Debug|x86
		{0A807DFE-9F38-418E-A811-649B9AD78102}.Release|Any CPU.ActiveCfg = Release|Any CPU
		{0A807DFE-9F38-418E-A811-649B9AD78102}.Release|Any CPU.Build.0 = Release|Any CPU
		{0A807DFE-9F38-418E-A811-649B9AD78102}.Release|Mixed Platforms.ActiveCfg = Release|Any CPU
		{0A807DFE-9F38-418E-A811-649B9AD78102}.Release|Mixed Platforms.Build.0 = Release|Any CPU
		{0A807DFE-9F38-418E-A811-649B9AD78102}.Release|Win32.ActiveCfg = Release|x86
		{0A807DFE-9F38-418E-A811-649B9AD78102}.Release|x86.ActiveCfg = Release|x86
		{0A807DFE-9F38-418E-A811-649B9AD78102}.Release|x86.Build.0 = Release|x86
		{F8F1988D-A66D-4646-A533-5EC367656C9E}.Debug|Any CPU.ActiveCfg = Debug|Any CPU
		{F8F1988D-A66D-4646-A533-5EC367656C9E}.Debug|Any CPU.Build.0 = Debug|Any CPU
		{F8F1988D-A66D-4646-A533-5EC367656C9E}.Debug|Mixed Platforms.ActiveCfg = Debug|Any CPU
		{F8F1988D-A66D-4646-A533-5EC367656C9E}.Debug|Mixed Platforms.Build.0 = Debug|Any CPU
		{F8F1988D-A66D-4646-A533-5EC367656C9E}.Debug|Win32.ActiveCfg = Debug|x86
		{F8F1988D-A66D-4646-A533-5EC367656C9E}.Debug|x86.ActiveCfg = Debug|x86
		{F8F1988D-A66D-4646-A533-5EC367656C9E}.Debug|x86.Build.0 = Debug|x86
		{F8F1988D-A66D-4646-A533-5EC367656C9E}.Release|Any CPU.ActiveCfg = Release|Any CPU
		{F8F1988D-A66D-4646-A533-5EC367656C9E}.Release|Any CPU.Build.0 = Release|Any CPU
		{F8F1988D-A66D-4646-A533-5EC367656C9E}.Release|Mixed Platforms.ActiveCfg = Release|Any CPU
		{F8F1988D-A66D-4646-A533-5EC367656C9E}.Release|Mixed Platforms.Build.0 = Release|Any CPU
		{F8F1988D-A66D-4646-A533-5EC367656C9E}.Release|Win32.ActiveCfg = Release|x86
		{F8F1988D-A66D-4646-A533-5EC367656C9E}.Release|x86.ActiveCfg = Release|x86
		{F8F1988D-A66D-4646-A533-5EC367656C9E}.Release|x86.Build.0 = Release|x86
		{896F47DD-A9FC-413C-B125-8E999F72E101}.Debug|Any CPU.ActiveCfg = Debug|Any CPU
		{896F47DD-A9FC-413C-B125-8E999F72E101}.Debug|Any CPU.Build.0 = Debug|Any CPU
		{896F47DD-A9FC-413C-B125-8E999F72E101}.Debug|Mixed Platforms.ActiveCfg = Debug|Any CPU
		{896F47DD-A9FC-413C-B125-8E999F72E101}.Debug|Mixed Platforms.Build.0 = Debug|Any CPU
		{896F47DD-A9FC-413C-B125-8E999F72E101}.Debug|Win32.ActiveCfg = Debug|Any CPU
		{896F47DD-A9FC-413C-B125-8E999F72E101}.Debug|x86.ActiveCfg = Debug|Any CPU
		{896F47DD-A9FC-413C-B125-8E999F72E101}.Release|Any CPU.ActiveCfg = Release|Any CPU
		{896F47DD-A9FC-413C-B125-8E999F72E101}.Release|Any CPU.Build.0 = Release|Any CPU
		{896F47DD-A9FC-413C-B125-8E999F72E101}.Release|Mixed Platforms.ActiveCfg = Release|Any CPU
		{896F47DD-A9FC-413C-B125-8E999F72E101}.Release|Mixed Platforms.Build.0 = Release|Any CPU
		{896F47DD-A9FC-413C-B125-8E999F72E101}.Release|Win32.ActiveCfg = Release|Any CPU
		{896F47DD-A9FC-413C-B125-8E999F72E101}.Release|x86.ActiveCfg = Release|Any CPU
		{B95F9FD4-F2BB-44C8-9A3A-F2210670A51C}.Debug|Any CPU.ActiveCfg = Debug|Any CPU
		{B95F9FD4-F2BB-44C8-9A3A-F2210670A51C}.Debug|Any CPU.Build.0 = Debug|Any CPU
		{B95F9FD4-F2BB-44C8-9A3A-F2210670A51C}.Debug|Mixed Platforms.ActiveCfg = Debug|Any CPU
		{B95F9FD4-F2BB-44C8-9A3A-F2210670A51C}.Debug|Mixed Platforms.Build.0 = Debug|Any CPU
		{B95F9FD4-F2BB-44C8-9A3A-F2210670A51C}.Debug|Win32.ActiveCfg = Debug|Any CPU
		{B95F9FD4-F2BB-44C8-9A3A-F2210670A51C}.Debug|x86.ActiveCfg = Debug|Any CPU
		{B95F9FD4-F2BB-44C8-9A3A-F2210670A51C}.Release|Any CPU.ActiveCfg = Release|Any CPU
		{B95F9FD4-F2BB-44C8-9A3A-F2210670A51C}.Release|Any CPU.Build.0 = Release|Any CPU
		{B95F9FD4-F2BB-44C8-9A3A-F2210670A51C}.Release|Mixed Platforms.ActiveCfg = Release|Any CPU
		{B95F9FD4-F2BB-44C8-9A3A-F2210670A51C}.Release|Mixed Platforms.Build.0 = Release|Any CPU
		{B95F9FD4-F2BB-44C8-9A3A-F2210670A51C}.Release|Win32.ActiveCfg = Release|Any CPU
		{B95F9FD4-F2BB-44C8-9A3A-F2210670A51C}.Release|x86.ActiveCfg = Release|Any CPU
		{8DB79B29-2598-40EC-B57B-C8FCE7DA0F19}.Debug|Any CPU.ActiveCfg = Debug|Any CPU
		{8DB79B29-2598-40EC-B57B-C8FCE7DA0F19}.Debug|Any CPU.Build.0 = Debug|Any CPU
		{8DB79B29-2598-40EC-B57B-C8FCE7DA0F19}.Debug|Mixed Platforms.ActiveCfg = Debug|Any CPU
		{8DB79B29-2598-40EC-B57B-C8FCE7DA0F19}.Debug|Mixed Platforms.Build.0 = Debug|Any CPU
		{8DB79B29-2598-40EC-B57B-C8FCE7DA0F19}.Debug|Win32.ActiveCfg = Debug|Any CPU
		{8DB79B29-2598-40EC-B57B-C8FCE7DA0F19}.Debug|x86.ActiveCfg = Debug|Any CPU
		{8DB79B29-2598-40EC-B57B-C8FCE7DA0F19}.Release|Any CPU.ActiveCfg = Release|Any CPU
		{8DB79B29-2598-40EC-B57B-C8FCE7DA0F19}.Release|Any CPU.Build.0 = Release|Any CPU
		{8DB79B29-2598-40EC-B57B-C8FCE7DA0F19}.Release|Mixed Platforms.ActiveCfg = Release|Any CPU
		{8DB79B29-2598-40EC-B57B-C8FCE7DA0F19}.Release|Mixed Platforms.Build.0 = Release|Any CPU
		{8DB79B29-2598-40EC-B57B-C8FCE7DA0F19}.Release|Win32.ActiveCfg = Release|Any CPU
		{8DB79B29-2598-40EC-B57B-C8FCE7DA0F19}.Release|x86.ActiveCfg = Release|Any CPU
		{315ED78B-F3FD-4C69-8786-CCD216A5495D}.Debug|Any CPU.ActiveCfg = Debug|Any CPU
		{315ED78B-F3FD-4C69-8786-CCD216A5495D}.Debug|Any CPU.Build.0 = Debug|Any CPU
		{315ED78B-F3FD-4C69-8786-CCD216A5495D}.Debug|Mixed Platforms.ActiveCfg = Debug|Any CPU
		{315ED78B-F3FD-4C69-8786-CCD216A5495D}.Debug|Mixed Platforms.Build.0 = Debug|Any CPU
		{315ED78B-F3FD-4C69-8786-CCD216A5495D}.Debug|Win32.ActiveCfg = Debug|Any CPU
		{315ED78B-F3FD-4C69-8786-CCD216A5495D}.Debug|x86.ActiveCfg = Debug|Any CPU
		{315ED78B-F3FD-4C69-8786-CCD216A5495D}.Release|Any CPU.ActiveCfg = Release|Any CPU
		{315ED78B-F3FD-4C69-8786-CCD216A5495D}.Release|Any CPU.Build.0 = Release|Any CPU
		{315ED78B-F3FD-4C69-8786-CCD216A5495D}.Release|Mixed Platforms.ActiveCfg = Release|Any CPU
		{315ED78B-F3FD-4C69-8786-CCD216A5495D}.Release|Mixed Platforms.Build.0 = Release|Any CPU
		{315ED78B-F3FD-4C69-8786-CCD216A5495D}.Release|Win32.ActiveCfg = Release|Any CPU
		{315ED78B-F3FD-4C69-8786-CCD216A5495D}.Release|x86.ActiveCfg = Release|Any CPU
		{DFF91717-C9EF-4881-9827-81D25F9A71A3}.Debug|Any CPU.ActiveCfg = Debug|Any CPU
		{DFF91717-C9EF-4881-9827-81D25F9A71A3}.Debug|Any CPU.Build.0 = Debug|Any CPU
		{DFF91717-C9EF-4881-9827-81D25F9A71A3}.Debug|Mixed Platforms.ActiveCfg = Debug|Any CPU
		{DFF91717-C9EF-4881-9827-81D25F9A71A3}.Debug|Mixed Platforms.Build.0 = Debug|Any CPU
		{DFF91717-C9EF-4881-9827-81D25F9A71A3}.Debug|Win32.ActiveCfg = Debug|Any CPU
		{DFF91717-C9EF-4881-9827-81D25F9A71A3}.Debug|x86.ActiveCfg = Debug|Any CPU
		{DFF91717-C9EF-4881-9827-81D25F9A71A3}.Release|Any CPU.ActiveCfg = Release|Any CPU
		{DFF91717-C9EF-4881-9827-81D25F9A71A3}.Release|Any CPU.Build.0 = Release|Any CPU
		{DFF91717-C9EF-4881-9827-81D25F9A71A3}.Release|Mixed Platforms.ActiveCfg = Release|Any CPU
		{DFF91717-C9EF-4881-9827-81D25F9A71A3}.Release|Mixed Platforms.Build.0 = Release|Any CPU
		{DFF91717-C9EF-4881-9827-81D25F9A71A3}.Release|Win32.ActiveCfg = Release|Any CPU
		{DFF91717-C9EF-4881-9827-81D25F9A71A3}.Release|x86.ActiveCfg = Release|Any CPU
		{1FBE870D-5664-4B24-A768-8A175A72ADDF}.Debug|Any CPU.ActiveCfg = Debug|Any CPU
		{1FBE870D-5664-4B24-A768-8A175A72ADDF}.Debug|Any CPU.Build.0 = Debug|Any CPU
		{1FBE870D-5664-4B24-A768-8A175A72ADDF}.Debug|Mixed Platforms.ActiveCfg = Debug|Any CPU
		{1FBE870D-5664-4B24-A768-8A175A72ADDF}.Debug|Mixed Platforms.Build.0 = Debug|Any CPU
		{1FBE870D-5664-4B24-A768-8A175A72ADDF}.Debug|Win32.ActiveCfg = Debug|Any CPU
		{1FBE870D-5664-4B24-A768-8A175A72ADDF}.Debug|x86.ActiveCfg = Debug|Any CPU
		{1FBE870D-5664-4B24-A768-8A175A72ADDF}.Release|Any CPU.ActiveCfg = Release|Any CPU
		{1FBE870D-5664-4B24-A768-8A175A72ADDF}.Release|Any CPU.Build.0 = Release|Any CPU
		{1FBE870D-5664-4B24-A768-8A175A72ADDF}.Release|Mixed Platforms.ActiveCfg = Release|Any CPU
		{1FBE870D-5664-4B24-A768-8A175A72ADDF}.Release|Mixed Platforms.Build.0 = Release|Any CPU
		{1FBE870D-5664-4B24-A768-8A175A72ADDF}.Release|Win32.ActiveCfg = Release|Any CPU
		{1FBE870D-5664-4B24-A768-8A175A72ADDF}.Release|x86.ActiveCfg = Release|Any CPU
		{580ED668-6299-4147-BB62-8E6376DCBBD2}.Debug|Any CPU.ActiveCfg = Debug|Any CPU
		{580ED668-6299-4147-BB62-8E6376DCBBD2}.Debug|Any CPU.Build.0 = Debug|Any CPU
		{580ED668-6299-4147-BB62-8E6376DCBBD2}.Debug|Mixed Platforms.ActiveCfg = Debug|Any CPU
		{580ED668-6299-4147-BB62-8E6376DCBBD2}.Debug|Mixed Platforms.Build.0 = Debug|Any CPU
		{580ED668-6299-4147-BB62-8E6376DCBBD2}.Debug|Win32.ActiveCfg = Debug|Any CPU
		{580ED668-6299-4147-BB62-8E6376DCBBD2}.Debug|x86.ActiveCfg = Debug|Any CPU
		{580ED668-6299-4147-BB62-8E6376DCBBD2}.Release|Any CPU.ActiveCfg = Release|Any CPU
		{580ED668-6299-4147-BB62-8E6376DCBBD2}.Release|Any CPU.Build.0 = Release|Any CPU
		{580ED668-6299-4147-BB62-8E6376DCBBD2}.Release|Mixed Platforms.ActiveCfg = Release|Any CPU
		{580ED668-6299-4147-BB62-8E6376DCBBD2}.Release|Mixed Platforms.Build.0 = Release|Any CPU
		{580ED668-6299-4147-BB62-8E6376DCBBD2}.Release|Win32.ActiveCfg = Release|Any CPU
		{580ED668-6299-4147-BB62-8E6376DCBBD2}.Release|x86.ActiveCfg = Release|Any CPU
		{7E69F954-9BB3-4EB4-AB15-4727536945E8}.Debug|Any CPU.ActiveCfg = Debug|Any CPU
		{7E69F954-9BB3-4EB4-AB15-4727536945E8}.Debug|Any CPU.Build.0 = Debug|Any CPU
		{7E69F954-9BB3-4EB4-AB15-4727536945E8}.Debug|Mixed Platforms.ActiveCfg = Debug|Any CPU
		{7E69F954-9BB3-4EB4-AB15-4727536945E8}.Debug|Mixed Platforms.Build.0 = Debug|Any CPU
		{7E69F954-9BB3-4EB4-AB15-4727536945E8}.Debug|Win32.ActiveCfg = Debug|Any CPU
		{7E69F954-9BB3-4EB4-AB15-4727536945E8}.Debug|x86.ActiveCfg = Debug|Any CPU
		{7E69F954-9BB3-4EB4-AB15-4727536945E8}.Release|Any CPU.ActiveCfg = Release|Any CPU
		{7E69F954-9BB3-4EB4-AB15-4727536945E8}.Release|Any CPU.Build.0 = Release|Any CPU
		{7E69F954-9BB3-4EB4-AB15-4727536945E8}.Release|Mixed Platforms.ActiveCfg = Release|Any CPU
		{7E69F954-9BB3-4EB4-AB15-4727536945E8}.Release|Mixed Platforms.Build.0 = Release|Any CPU
		{7E69F954-9BB3-4EB4-AB15-4727536945E8}.Release|Win32.ActiveCfg = Release|Any CPU
		{7E69F954-9BB3-4EB4-AB15-4727536945E8}.Release|x86.ActiveCfg = Release|Any CPU
		{08A3C27D-B83F-4F46-B42A-C05B49ACBFED}.Debug|Any CPU.ActiveCfg = Debug|Any CPU
		{08A3C27D-B83F-4F46-B42A-C05B49ACBFED}.Debug|Any CPU.Build.0 = Debug|Any CPU
		{08A3C27D-B83F-4F46-B42A-C05B49ACBFED}.Debug|Mixed Platforms.ActiveCfg = Debug|Any CPU
		{08A3C27D-B83F-4F46-B42A-C05B49ACBFED}.Debug|Mixed Platforms.Build.0 = Debug|Any CPU
		{08A3C27D-B83F-4F46-B42A-C05B49ACBFED}.Debug|Win32.ActiveCfg = Debug|Any CPU
		{08A3C27D-B83F-4F46-B42A-C05B49ACBFED}.Debug|x86.ActiveCfg = Debug|Any CPU
		{08A3C27D-B83F-4F46-B42A-C05B49ACBFED}.Release|Any CPU.ActiveCfg = Release|Any CPU
		{08A3C27D-B83F-4F46-B42A-C05B49ACBFED}.Release|Any CPU.Build.0 = Release|Any CPU
		{08A3C27D-B83F-4F46-B42A-C05B49ACBFED}.Release|Mixed Platforms.ActiveCfg = Release|Any CPU
		{08A3C27D-B83F-4F46-B42A-C05B49ACBFED}.Release|Mixed Platforms.Build.0 = Release|Any CPU
		{08A3C27D-B83F-4F46-B42A-C05B49ACBFED}.Release|Win32.ActiveCfg = Release|Any CPU
		{08A3C27D-B83F-4F46-B42A-C05B49ACBFED}.Release|x86.ActiveCfg = Release|Any CPU
		{E840ABD1-AA8B-47E9-9B2A-948B37E418E3}.Debug|Any CPU.ActiveCfg = Debug|Any CPU
		{E840ABD1-AA8B-47E9-9B2A-948B37E418E3}.Debug|Any CPU.Build.0 = Debug|Any CPU
		{E840ABD1-AA8B-47E9-9B2A-948B37E418E3}.Debug|Mixed Platforms.ActiveCfg = Debug|Any CPU
		{E840ABD1-AA8B-47E9-9B2A-948B37E418E3}.Debug|Mixed Platforms.Build.0 = Debug|Any CPU
		{E840ABD1-AA8B-47E9-9B2A-948B37E418E3}.Debug|Win32.ActiveCfg = Debug|Any CPU
		{E840ABD1-AA8B-47E9-9B2A-948B37E418E3}.Debug|x86.ActiveCfg = Debug|Any CPU
		{E840ABD1-AA8B-47E9-9B2A-948B37E418E3}.Release|Any CPU.ActiveCfg = Release|Any CPU
		{E840ABD1-AA8B-47E9-9B2A-948B37E418E3}.Release|Any CPU.Build.0 = Release|Any CPU
		{E840ABD1-AA8B-47E9-9B2A-948B37E418E3}.Release|Mixed Platforms.ActiveCfg = Release|Any CPU
		{E840ABD1-AA8B-47E9-9B2A-948B37E418E3}.Release|Mixed Platforms.Build.0 = Release|Any CPU
		{E840ABD1-AA8B-47E9-9B2A-948B37E418E3}.Release|Win32.ActiveCfg = Release|Any CPU
		{E840ABD1-AA8B-47E9-9B2A-948B37E418E3}.Release|x86.ActiveCfg = Release|Any CPU
		{BC034709-D769-4180-A2D8-0A20E1845CD8}.Debug|Any CPU.ActiveCfg = Debug|Any CPU
		{BC034709-D769-4180-A2D8-0A20E1845CD8}.Debug|Any CPU.Build.0 = Debug|Any CPU
		{BC034709-D769-4180-A2D8-0A20E1845CD8}.Debug|Mixed Platforms.ActiveCfg = Debug|Any CPU
		{BC034709-D769-4180-A2D8-0A20E1845CD8}.Debug|Mixed Platforms.Build.0 = Debug|Any CPU
		{BC034709-D769-4180-A2D8-0A20E1845CD8}.Debug|Win32.ActiveCfg = Debug|Any CPU
		{BC034709-D769-4180-A2D8-0A20E1845CD8}.Debug|x86.ActiveCfg = Debug|Any CPU
		{BC034709-D769-4180-A2D8-0A20E1845CD8}.Release|Any CPU.ActiveCfg = Release|Any CPU
		{BC034709-D769-4180-A2D8-0A20E1845CD8}.Release|Any CPU.Build.0 = Release|Any CPU
		{BC034709-D769-4180-A2D8-0A20E1845CD8}.Release|Mixed Platforms.ActiveCfg = Release|Any CPU
		{BC034709-D769-4180-A2D8-0A20E1845CD8}.Release|Mixed Platforms.Build.0 = Release|Any CPU
		{BC034709-D769-4180-A2D8-0A20E1845CD8}.Release|Win32.ActiveCfg = Release|Any CPU
		{BC034709-D769-4180-A2D8-0A20E1845CD8}.Release|x86.ActiveCfg = Release|Any CPU
		{112762A2-52A3-4D52-A9F6-DA2D7220C758}.Debug|Any CPU.ActiveCfg = Debug|Any CPU
		{112762A2-52A3-4D52-A9F6-DA2D7220C758}.Debug|Any CPU.Build.0 = Debug|Any CPU
		{112762A2-52A3-4D52-A9F6-DA2D7220C758}.Debug|Mixed Platforms.ActiveCfg = Debug|Any CPU
		{112762A2-52A3-4D52-A9F6-DA2D7220C758}.Debug|Mixed Platforms.Build.0 = Debug|Any CPU
		{112762A2-52A3-4D52-A9F6-DA2D7220C758}.Debug|Win32.ActiveCfg = Debug|Any CPU
		{112762A2-52A3-4D52-A9F6-DA2D7220C758}.Debug|x86.ActiveCfg = Debug|Any CPU
		{112762A2-52A3-4D52-A9F6-DA2D7220C758}.Release|Any CPU.ActiveCfg = Release|Any CPU
		{112762A2-52A3-4D52-A9F6-DA2D7220C758}.Release|Any CPU.Build.0 = Release|Any CPU
		{112762A2-52A3-4D52-A9F6-DA2D7220C758}.Release|Mixed Platforms.ActiveCfg = Release|Any CPU
		{112762A2-52A3-4D52-A9F6-DA2D7220C758}.Release|Mixed Platforms.Build.0 = Release|Any CPU
		{112762A2-52A3-4D52-A9F6-DA2D7220C758}.Release|Win32.ActiveCfg = Release|Any CPU
		{112762A2-52A3-4D52-A9F6-DA2D7220C758}.Release|x86.ActiveCfg = Release|Any CPU
		{1462CA15-D742-49A9-8612-DF1E87D1B2AE}.Debug|Any CPU.ActiveCfg = Debug|Any CPU
		{1462CA15-D742-49A9-8612-DF1E87D1B2AE}.Debug|Any CPU.Build.0 = Debug|Any CPU
		{1462CA15-D742-49A9-8612-DF1E87D1B2AE}.Debug|Mixed Platforms.ActiveCfg = Debug|Any CPU
		{1462CA15-D742-49A9-8612-DF1E87D1B2AE}.Debug|Mixed Platforms.Build.0 = Debug|Any CPU
		{1462CA15-D742-49A9-8612-DF1E87D1B2AE}.Debug|Win32.ActiveCfg = Debug|Any CPU
		{1462CA15-D742-49A9-8612-DF1E87D1B2AE}.Debug|x86.ActiveCfg = Debug|Any CPU
		{1462CA15-D742-49A9-8612-DF1E87D1B2AE}.Release|Any CPU.ActiveCfg = Release|Any CPU
		{1462CA15-D742-49A9-8612-DF1E87D1B2AE}.Release|Any CPU.Build.0 = Release|Any CPU
		{1462CA15-D742-49A9-8612-DF1E87D1B2AE}.Release|Mixed Platforms.ActiveCfg = Release|Any CPU
		{1462CA15-D742-49A9-8612-DF1E87D1B2AE}.Release|Mixed Platforms.Build.0 = Release|Any CPU
		{1462CA15-D742-49A9-8612-DF1E87D1B2AE}.Release|Win32.ActiveCfg = Release|Any CPU
		{1462CA15-D742-49A9-8612-DF1E87D1B2AE}.Release|x86.ActiveCfg = Release|Any CPU
		{ADA19178-9578-4B0A-95B1-D26DB40A4972}.Debug|Any CPU.ActiveCfg = Debug|Any CPU
		{ADA19178-9578-4B0A-95B1-D26DB40A4972}.Debug|Any CPU.Build.0 = Debug|Any CPU
		{ADA19178-9578-4B0A-95B1-D26DB40A4972}.Debug|Mixed Platforms.ActiveCfg = Debug|Any CPU
		{ADA19178-9578-4B0A-95B1-D26DB40A4972}.Debug|Mixed Platforms.Build.0 = Debug|Any CPU
		{ADA19178-9578-4B0A-95B1-D26DB40A4972}.Debug|Win32.ActiveCfg = Debug|Any CPU
		{ADA19178-9578-4B0A-95B1-D26DB40A4972}.Debug|x86.ActiveCfg = Debug|Any CPU
		{ADA19178-9578-4B0A-95B1-D26DB40A4972}.Release|Any CPU.ActiveCfg = Release|Any CPU
		{ADA19178-9578-4B0A-95B1-D26DB40A4972}.Release|Any CPU.Build.0 = Release|Any CPU
		{ADA19178-9578-4B0A-95B1-D26DB40A4972}.Release|Mixed Platforms.ActiveCfg = Release|Any CPU
		{ADA19178-9578-4B0A-95B1-D26DB40A4972}.Release|Mixed Platforms.Build.0 = Release|Any CPU
		{ADA19178-9578-4B0A-95B1-D26DB40A4972}.Release|Win32.ActiveCfg = Release|Any CPU
		{ADA19178-9578-4B0A-95B1-D26DB40A4972}.Release|x86.ActiveCfg = Release|Any CPU
		{0CD6FAB9-C06F-4E22-9BA5-A5ADAD3F61B1}.Debug|Any CPU.ActiveCfg = Debug|Any CPU
		{0CD6FAB9-C06F-4E22-9BA5-A5ADAD3F61B1}.Debug|Any CPU.Build.0 = Debug|Any CPU
		{0CD6FAB9-C06F-4E22-9BA5-A5ADAD3F61B1}.Debug|Mixed Platforms.ActiveCfg = Debug|Any CPU
		{0CD6FAB9-C06F-4E22-9BA5-A5ADAD3F61B1}.Debug|Mixed Platforms.Build.0 = Debug|Any CPU
		{0CD6FAB9-C06F-4E22-9BA5-A5ADAD3F61B1}.Debug|Win32.ActiveCfg = Debug|Any CPU
		{0CD6FAB9-C06F-4E22-9BA5-A5ADAD3F61B1}.Debug|x86.ActiveCfg = Debug|Any CPU
		{0CD6FAB9-C06F-4E22-9BA5-A5ADAD3F61B1}.Release|Any CPU.ActiveCfg = Release|Any CPU
		{0CD6FAB9-C06F-4E22-9BA5-A5ADAD3F61B1}.Release|Any CPU.Build.0 = Release|Any CPU
		{0CD6FAB9-C06F-4E22-9BA5-A5ADAD3F61B1}.Release|Mixed Platforms.ActiveCfg = Release|Any CPU
		{0CD6FAB9-C06F-4E22-9BA5-A5ADAD3F61B1}.Release|Mixed Platforms.Build.0 = Release|Any CPU
		{0CD6FAB9-C06F-4E22-9BA5-A5ADAD3F61B1}.Release|Win32.ActiveCfg = Release|Any CPU
		{0CD6FAB9-C06F-4E22-9BA5-A5ADAD3F61B1}.Release|x86.ActiveCfg = Release|Any CPU
		{EE69E896-8779-4E3D-A033-75A96F28DE2F}.Debug|Any CPU.ActiveCfg = Debug|Any CPU
		{EE69E896-8779-4E3D-A033-75A96F28DE2F}.Debug|Any CPU.Build.0 = Debug|Any CPU
		{EE69E896-8779-4E3D-A033-75A96F28DE2F}.Debug|Mixed Platforms.ActiveCfg = Debug|Any CPU
		{EE69E896-8779-4E3D-A033-75A96F28DE2F}.Debug|Mixed Platforms.Build.0 = Debug|Any CPU
		{EE69E896-8779-4E3D-A033-75A96F28DE2F}.Debug|Win32.ActiveCfg = Debug|Any CPU
		{EE69E896-8779-4E3D-A033-75A96F28DE2F}.Debug|x86.ActiveCfg = Debug|Any CPU
		{EE69E896-8779-4E3D-A033-75A96F28DE2F}.Release|Any CPU.ActiveCfg = Release|Any CPU
		{EE69E896-8779-4E3D-A033-75A96F28DE2F}.Release|Any CPU.Build.0 = Release|Any CPU
		{EE69E896-8779-4E3D-A033-75A96F28DE2F}.Release|Mixed Platforms.ActiveCfg = Release|Any CPU
		{EE69E896-8779-4E3D-A033-75A96F28DE2F}.Release|Mixed Platforms.Build.0 = Release|Any CPU
		{EE69E896-8779-4E3D-A033-75A96F28DE2F}.Release|Win32.ActiveCfg = Release|Any CPU
		{EE69E896-8779-4E3D-A033-75A96F28DE2F}.Release|x86.ActiveCfg = Release|Any CPU
		{A673442D-599D-4332-BCFA-8EC02171EFC0}.Debug|Any CPU.ActiveCfg = Debug|Any CPU
		{A673442D-599D-4332-BCFA-8EC02171EFC0}.Debug|Any CPU.Build.0 = Debug|Any CPU
		{A673442D-599D-4332-BCFA-8EC02171EFC0}.Debug|Mixed Platforms.ActiveCfg = Debug|Any CPU
		{A673442D-599D-4332-BCFA-8EC02171EFC0}.Debug|Mixed Platforms.Build.0 = Debug|Any CPU
		{A673442D-599D-4332-BCFA-8EC02171EFC0}.Debug|Win32.ActiveCfg = Debug|Any CPU
		{A673442D-599D-4332-BCFA-8EC02171EFC0}.Debug|x86.ActiveCfg = Debug|Any CPU
		{A673442D-599D-4332-BCFA-8EC02171EFC0}.Release|Any CPU.ActiveCfg = Release|Any CPU
		{A673442D-599D-4332-BCFA-8EC02171EFC0}.Release|Any CPU.Build.0 = Release|Any CPU
		{A673442D-599D-4332-BCFA-8EC02171EFC0}.Release|Mixed Platforms.ActiveCfg = Release|Any CPU
		{A673442D-599D-4332-BCFA-8EC02171EFC0}.Release|Mixed Platforms.Build.0 = Release|Any CPU
		{A673442D-599D-4332-BCFA-8EC02171EFC0}.Release|Win32.ActiveCfg = Release|Any CPU
		{A673442D-599D-4332-BCFA-8EC02171EFC0}.Release|x86.ActiveCfg = Release|Any CPU
		{5CA591E9-4CA6-44F2-88AB-0ABEA0667F1B}.Debug|Any CPU.ActiveCfg = Debug|Any CPU
		{5CA591E9-4CA6-44F2-88AB-0ABEA0667F1B}.Debug|Any CPU.Build.0 = Debug|Any CPU
		{5CA591E9-4CA6-44F2-88AB-0ABEA0667F1B}.Debug|Mixed Platforms.ActiveCfg = Debug|Any CPU
		{5CA591E9-4CA6-44F2-88AB-0ABEA0667F1B}.Debug|Mixed Platforms.Build.0 = Debug|Any CPU
		{5CA591E9-4CA6-44F2-88AB-0ABEA0667F1B}.Debug|Win32.ActiveCfg = Debug|Any CPU
		{5CA591E9-4CA6-44F2-88AB-0ABEA0667F1B}.Debug|x86.ActiveCfg = Debug|Any CPU
		{5CA591E9-4CA6-44F2-88AB-0ABEA0667F1B}.Release|Any CPU.ActiveCfg = Release|Any CPU
		{5CA591E9-4CA6-44F2-88AB-0ABEA0667F1B}.Release|Any CPU.Build.0 = Release|Any CPU
		{5CA591E9-4CA6-44F2-88AB-0ABEA0667F1B}.Release|Mixed Platforms.ActiveCfg = Release|Any CPU
		{5CA591E9-4CA6-44F2-88AB-0ABEA0667F1B}.Release|Mixed Platforms.Build.0 = Release|Any CPU
		{5CA591E9-4CA6-44F2-88AB-0ABEA0667F1B}.Release|Win32.ActiveCfg = Release|Any CPU
		{5CA591E9-4CA6-44F2-88AB-0ABEA0667F1B}.Release|x86.ActiveCfg = Release|Any CPU
		{69AE48FD-B09E-464C-8503-370DB044084A}.Debug|Any CPU.ActiveCfg = Debug|Any CPU
		{69AE48FD-B09E-464C-8503-370DB044084A}.Debug|Any CPU.Build.0 = Debug|Any CPU
		{69AE48FD-B09E-464C-8503-370DB044084A}.Debug|Mixed Platforms.ActiveCfg = Debug|Any CPU
		{69AE48FD-B09E-464C-8503-370DB044084A}.Debug|Mixed Platforms.Build.0 = Debug|Any CPU
		{69AE48FD-B09E-464C-8503-370DB044084A}.Debug|Win32.ActiveCfg = Debug|Any CPU
		{69AE48FD-B09E-464C-8503-370DB044084A}.Debug|x86.ActiveCfg = Debug|Any CPU
		{69AE48FD-B09E-464C-8503-370DB044084A}.Release|Any CPU.ActiveCfg = Release|Any CPU
		{69AE48FD-B09E-464C-8503-370DB044084A}.Release|Any CPU.Build.0 = Release|Any CPU
		{69AE48FD-B09E-464C-8503-370DB044084A}.Release|Mixed Platforms.ActiveCfg = Release|Any CPU
		{69AE48FD-B09E-464C-8503-370DB044084A}.Release|Mixed Platforms.Build.0 = Release|Any CPU
		{69AE48FD-B09E-464C-8503-370DB044084A}.Release|Win32.ActiveCfg = Release|Any CPU
		{69AE48FD-B09E-464C-8503-370DB044084A}.Release|x86.ActiveCfg = Release|Any CPU
		{A17D678C-F60A-4120-B274-EC284E86FEB9}.Debug|Any CPU.ActiveCfg = Debug|Any CPU
		{A17D678C-F60A-4120-B274-EC284E86FEB9}.Debug|Any CPU.Build.0 = Debug|Any CPU
		{A17D678C-F60A-4120-B274-EC284E86FEB9}.Debug|Mixed Platforms.ActiveCfg = Debug|Any CPU
		{A17D678C-F60A-4120-B274-EC284E86FEB9}.Debug|Mixed Platforms.Build.0 = Debug|Any CPU
		{A17D678C-F60A-4120-B274-EC284E86FEB9}.Debug|Win32.ActiveCfg = Debug|x86
		{A17D678C-F60A-4120-B274-EC284E86FEB9}.Debug|x86.ActiveCfg = Debug|x86
		{A17D678C-F60A-4120-B274-EC284E86FEB9}.Debug|x86.Build.0 = Debug|x86
		{A17D678C-F60A-4120-B274-EC284E86FEB9}.Release|Any CPU.ActiveCfg = Release|Any CPU
		{A17D678C-F60A-4120-B274-EC284E86FEB9}.Release|Any CPU.Build.0 = Release|Any CPU
		{A17D678C-F60A-4120-B274-EC284E86FEB9}.Release|Mixed Platforms.ActiveCfg = Release|Any CPU
		{A17D678C-F60A-4120-B274-EC284E86FEB9}.Release|Mixed Platforms.Build.0 = Release|Any CPU
		{A17D678C-F60A-4120-B274-EC284E86FEB9}.Release|Win32.ActiveCfg = Release|x86
		{A17D678C-F60A-4120-B274-EC284E86FEB9}.Release|x86.ActiveCfg = Release|x86
		{A17D678C-F60A-4120-B274-EC284E86FEB9}.Release|x86.Build.0 = Release|x86
		{E1F2C620-F968-4DD0-9A1D-B3070F9F4F3C}.Debug|Any CPU.ActiveCfg = Debug|Any CPU
		{E1F2C620-F968-4DD0-9A1D-B3070F9F4F3C}.Debug|Any CPU.Build.0 = Debug|Any CPU
		{E1F2C620-F968-4DD0-9A1D-B3070F9F4F3C}.Debug|Mixed Platforms.ActiveCfg = Debug|Any CPU
		{E1F2C620-F968-4DD0-9A1D-B3070F9F4F3C}.Debug|Mixed Platforms.Build.0 = Debug|Any CPU
		{E1F2C620-F968-4DD0-9A1D-B3070F9F4F3C}.Debug|Win32.ActiveCfg = Debug|x86
		{E1F2C620-F968-4DD0-9A1D-B3070F9F4F3C}.Debug|x86.ActiveCfg = Debug|x86
		{E1F2C620-F968-4DD0-9A1D-B3070F9F4F3C}.Debug|x86.Build.0 = Debug|x86
		{E1F2C620-F968-4DD0-9A1D-B3070F9F4F3C}.Release|Any CPU.ActiveCfg = Release|Any CPU
		{E1F2C620-F968-4DD0-9A1D-B3070F9F4F3C}.Release|Any CPU.Build.0 = Release|Any CPU
		{E1F2C620-F968-4DD0-9A1D-B3070F9F4F3C}.Release|Mixed Platforms.ActiveCfg = Release|Any CPU
		{E1F2C620-F968-4DD0-9A1D-B3070F9F4F3C}.Release|Mixed Platforms.Build.0 = Release|Any CPU
		{E1F2C620-F968-4DD0-9A1D-B3070F9F4F3C}.Release|Win32.ActiveCfg = Release|x86
		{E1F2C620-F968-4DD0-9A1D-B3070F9F4F3C}.Release|x86.ActiveCfg = Release|x86
		{E1F2C620-F968-4DD0-9A1D-B3070F9F4F3C}.Release|x86.Build.0 = Release|x86
		{F39EA837-99DD-4453-AA1A-DE408D47A0A6}.Debug|Any CPU.ActiveCfg = Debug|Any CPU
		{F39EA837-99DD-4453-AA1A-DE408D47A0A6}.Debug|Any CPU.Build.0 = Debug|Any CPU
		{F39EA837-99DD-4453-AA1A-DE408D47A0A6}.Debug|Mixed Platforms.ActiveCfg = Debug|Any CPU
		{F39EA837-99DD-4453-AA1A-DE408D47A0A6}.Debug|Mixed Platforms.Build.0 = Debug|Any CPU
		{F39EA837-99DD-4453-AA1A-DE408D47A0A6}.Debug|Win32.ActiveCfg = Debug|Any CPU
		{F39EA837-99DD-4453-AA1A-DE408D47A0A6}.Debug|x86.ActiveCfg = Debug|Any CPU
		{F39EA837-99DD-4453-AA1A-DE408D47A0A6}.Release|Any CPU.ActiveCfg = Release|Any CPU
		{F39EA837-99DD-4453-AA1A-DE408D47A0A6}.Release|Any CPU.Build.0 = Release|Any CPU
		{F39EA837-99DD-4453-AA1A-DE408D47A0A6}.Release|Mixed Platforms.ActiveCfg = Release|Any CPU
		{F39EA837-99DD-4453-AA1A-DE408D47A0A6}.Release|Mixed Platforms.Build.0 = Release|Any CPU
		{F39EA837-99DD-4453-AA1A-DE408D47A0A6}.Release|Win32.ActiveCfg = Release|Any CPU
		{F39EA837-99DD-4453-AA1A-DE408D47A0A6}.Release|x86.ActiveCfg = Release|Any CPU
		{C28A1DE0-08AA-4E5E-9450-2F86E7F59DB0}.Debug|Any CPU.ActiveCfg = Debug|Any CPU
		{C28A1DE0-08AA-4E5E-9450-2F86E7F59DB0}.Debug|Any CPU.Build.0 = Debug|Any CPU
		{C28A1DE0-08AA-4E5E-9450-2F86E7F59DB0}.Debug|Mixed Platforms.ActiveCfg = Debug|Any CPU
		{C28A1DE0-08AA-4E5E-9450-2F86E7F59DB0}.Debug|Mixed Platforms.Build.0 = Debug|Any CPU
		{C28A1DE0-08AA-4E5E-9450-2F86E7F59DB0}.Debug|Win32.ActiveCfg = Debug|Any CPU
		{C28A1DE0-08AA-4E5E-9450-2F86E7F59DB0}.Debug|x86.ActiveCfg = Debug|Any CPU
		{C28A1DE0-08AA-4E5E-9450-2F86E7F59DB0}.Release|Any CPU.ActiveCfg = Release|Any CPU
		{C28A1DE0-08AA-4E5E-9450-2F86E7F59DB0}.Release|Any CPU.Build.0 = Release|Any CPU
		{C28A1DE0-08AA-4E5E-9450-2F86E7F59DB0}.Release|Mixed Platforms.ActiveCfg = Release|Any CPU
		{C28A1DE0-08AA-4E5E-9450-2F86E7F59DB0}.Release|Mixed Platforms.Build.0 = Release|Any CPU
		{C28A1DE0-08AA-4E5E-9450-2F86E7F59DB0}.Release|Win32.ActiveCfg = Release|Any CPU
		{C28A1DE0-08AA-4E5E-9450-2F86E7F59DB0}.Release|x86.ActiveCfg = Release|Any CPU
		{D98FBB34-9674-4CAC-99F1-4B788B78DC77}.Debug|Any CPU.ActiveCfg = Debug|Any CPU
		{D98FBB34-9674-4CAC-99F1-4B788B78DC77}.Debug|Any CPU.Build.0 = Debug|Any CPU
		{D98FBB34-9674-4CAC-99F1-4B788B78DC77}.Debug|Mixed Platforms.ActiveCfg = Debug|Any CPU
		{D98FBB34-9674-4CAC-99F1-4B788B78DC77}.Debug|Mixed Platforms.Build.0 = Debug|Any CPU
		{D98FBB34-9674-4CAC-99F1-4B788B78DC77}.Debug|Win32.ActiveCfg = Debug|x86
		{D98FBB34-9674-4CAC-99F1-4B788B78DC77}.Debug|x86.ActiveCfg = Debug|x86
		{D98FBB34-9674-4CAC-99F1-4B788B78DC77}.Debug|x86.Build.0 = Debug|x86
		{D98FBB34-9674-4CAC-99F1-4B788B78DC77}.Release|Any CPU.ActiveCfg = Release|Any CPU
		{D98FBB34-9674-4CAC-99F1-4B788B78DC77}.Release|Any CPU.Build.0 = Release|Any CPU
		{D98FBB34-9674-4CAC-99F1-4B788B78DC77}.Release|Mixed Platforms.ActiveCfg = Release|Any CPU
		{D98FBB34-9674-4CAC-99F1-4B788B78DC77}.Release|Mixed Platforms.Build.0 = Release|Any CPU
		{D98FBB34-9674-4CAC-99F1-4B788B78DC77}.Release|Win32.ActiveCfg = Release|x86
		{D98FBB34-9674-4CAC-99F1-4B788B78DC77}.Release|x86.ActiveCfg = Release|x86
		{D98FBB34-9674-4CAC-99F1-4B788B78DC77}.Release|x86.Build.0 = Release|x86
		{B3694ACC-C425-4335-A865-B2685D5E429F}.Debug|Any CPU.ActiveCfg = Debug|Any CPU
		{B3694ACC-C425-4335-A865-B2685D5E429F}.Debug|Any CPU.Build.0 = Debug|Any CPU
		{B3694ACC-C425-4335-A865-B2685D5E429F}.Debug|Mixed Platforms.ActiveCfg = Debug|Any CPU
		{B3694ACC-C425-4335-A865-B2685D5E429F}.Debug|Mixed Platforms.Build.0 = Debug|Any CPU
		{B3694ACC-C425-4335-A865-B2685D5E429F}.Debug|Win32.ActiveCfg = Debug|Any CPU
		{B3694ACC-C425-4335-A865-B2685D5E429F}.Debug|x86.ActiveCfg = Debug|Any CPU
		{B3694ACC-C425-4335-A865-B2685D5E429F}.Release|Any CPU.ActiveCfg = Release|Any CPU
		{B3694ACC-C425-4335-A865-B2685D5E429F}.Release|Any CPU.Build.0 = Release|Any CPU
		{B3694ACC-C425-4335-A865-B2685D5E429F}.Release|Mixed Platforms.ActiveCfg = Release|Any CPU
		{B3694ACC-C425-4335-A865-B2685D5E429F}.Release|Mixed Platforms.Build.0 = Release|Any CPU
		{B3694ACC-C425-4335-A865-B2685D5E429F}.Release|Win32.ActiveCfg = Release|Any CPU
		{B3694ACC-C425-4335-A865-B2685D5E429F}.Release|x86.ActiveCfg = Release|Any CPU
		{899FA942-7A28-4228-B93D-012174419865}.Debug|Any CPU.ActiveCfg = Debug|Any CPU
		{899FA942-7A28-4228-B93D-012174419865}.Debug|Any CPU.Build.0 = Debug|Any CPU
		{899FA942-7A28-4228-B93D-012174419865}.Debug|Mixed Platforms.ActiveCfg = Debug|Any CPU
		{899FA942-7A28-4228-B93D-012174419865}.Debug|Mixed Platforms.Build.0 = Debug|Any CPU
		{899FA942-7A28-4228-B93D-012174419865}.Debug|Win32.ActiveCfg = Debug|Any CPU
		{899FA942-7A28-4228-B93D-012174419865}.Debug|x86.ActiveCfg = Debug|Any CPU
		{899FA942-7A28-4228-B93D-012174419865}.Release|Any CPU.ActiveCfg = Release|Any CPU
		{899FA942-7A28-4228-B93D-012174419865}.Release|Any CPU.Build.0 = Release|Any CPU
		{899FA942-7A28-4228-B93D-012174419865}.Release|Mixed Platforms.ActiveCfg = Release|Any CPU
		{899FA942-7A28-4228-B93D-012174419865}.Release|Mixed Platforms.Build.0 = Release|Any CPU
		{899FA942-7A28-4228-B93D-012174419865}.Release|Win32.ActiveCfg = Release|Any CPU
		{899FA942-7A28-4228-B93D-012174419865}.Release|x86.ActiveCfg = Release|Any CPU
		{D9B387D9-6C12-491E-9680-520484809F05}.Debug|Any CPU.ActiveCfg = Debug|Any CPU
		{D9B387D9-6C12-491E-9680-520484809F05}.Debug|Any CPU.Build.0 = Debug|Any CPU
		{D9B387D9-6C12-491E-9680-520484809F05}.Debug|Mixed Platforms.ActiveCfg = Debug|Any CPU
		{D9B387D9-6C12-491E-9680-520484809F05}.Debug|Mixed Platforms.Build.0 = Debug|Any CPU
		{D9B387D9-6C12-491E-9680-520484809F05}.Debug|Win32.ActiveCfg = Debug|Any CPU
		{D9B387D9-6C12-491E-9680-520484809F05}.Debug|x86.ActiveCfg = Debug|Any CPU
		{D9B387D9-6C12-491E-9680-520484809F05}.Release|Any CPU.ActiveCfg = Release|Any CPU
		{D9B387D9-6C12-491E-9680-520484809F05}.Release|Any CPU.Build.0 = Release|Any CPU
		{D9B387D9-6C12-491E-9680-520484809F05}.Release|Mixed Platforms.ActiveCfg = Release|Any CPU
		{D9B387D9-6C12-491E-9680-520484809F05}.Release|Mixed Platforms.Build.0 = Release|Any CPU
		{D9B387D9-6C12-491E-9680-520484809F05}.Release|Win32.ActiveCfg = Release|Any CPU
		{D9B387D9-6C12-491E-9680-520484809F05}.Release|x86.ActiveCfg = Release|Any CPU
		{74916E8E-9384-4BEF-B422-64A62DE8D461}.Debug|Any CPU.ActiveCfg = Debug|Any CPU
		{74916E8E-9384-4BEF-B422-64A62DE8D461}.Debug|Any CPU.Build.0 = Debug|Any CPU
		{74916E8E-9384-4BEF-B422-64A62DE8D461}.Debug|Mixed Platforms.ActiveCfg = Debug|Any CPU
		{74916E8E-9384-4BEF-B422-64A62DE8D461}.Debug|Mixed Platforms.Build.0 = Debug|Any CPU
		{74916E8E-9384-4BEF-B422-64A62DE8D461}.Debug|Win32.ActiveCfg = Debug|Any CPU
		{74916E8E-9384-4BEF-B422-64A62DE8D461}.Debug|x86.ActiveCfg = Debug|Any CPU
		{74916E8E-9384-4BEF-B422-64A62DE8D461}.Release|Any CPU.ActiveCfg = Release|Any CPU
		{74916E8E-9384-4BEF-B422-64A62DE8D461}.Release|Any CPU.Build.0 = Release|Any CPU
		{74916E8E-9384-4BEF-B422-64A62DE8D461}.Release|Mixed Platforms.ActiveCfg = Release|Any CPU
		{74916E8E-9384-4BEF-B422-64A62DE8D461}.Release|Mixed Platforms.Build.0 = Release|Any CPU
		{74916E8E-9384-4BEF-B422-64A62DE8D461}.Release|Win32.ActiveCfg = Release|Any CPU
		{74916E8E-9384-4BEF-B422-64A62DE8D461}.Release|x86.ActiveCfg = Release|Any CPU
		{CE53747F-D2E6-4E1E-9EF4-A0AE02671B1D}.Debug|Any CPU.ActiveCfg = Debug|Any CPU
		{CE53747F-D2E6-4E1E-9EF4-A0AE02671B1D}.Debug|Any CPU.Build.0 = Debug|Any CPU
		{CE53747F-D2E6-4E1E-9EF4-A0AE02671B1D}.Debug|Mixed Platforms.ActiveCfg = Debug|Any CPU
		{CE53747F-D2E6-4E1E-9EF4-A0AE02671B1D}.Debug|Mixed Platforms.Build.0 = Debug|Any CPU
		{CE53747F-D2E6-4E1E-9EF4-A0AE02671B1D}.Debug|Win32.ActiveCfg = Debug|Any CPU
		{CE53747F-D2E6-4E1E-9EF4-A0AE02671B1D}.Debug|x86.ActiveCfg = Debug|Any CPU
		{CE53747F-D2E6-4E1E-9EF4-A0AE02671B1D}.Release|Any CPU.ActiveCfg = Release|Any CPU
		{CE53747F-D2E6-4E1E-9EF4-A0AE02671B1D}.Release|Any CPU.Build.0 = Release|Any CPU
		{CE53747F-D2E6-4E1E-9EF4-A0AE02671B1D}.Release|Mixed Platforms.ActiveCfg = Release|Any CPU
		{CE53747F-D2E6-4E1E-9EF4-A0AE02671B1D}.Release|Mixed Platforms.Build.0 = Release|Any CPU
		{CE53747F-D2E6-4E1E-9EF4-A0AE02671B1D}.Release|Win32.ActiveCfg = Release|Any CPU
		{CE53747F-D2E6-4E1E-9EF4-A0AE02671B1D}.Release|x86.ActiveCfg = Release|Any CPU
		{DB13678F-8815-4BEC-8198-2BAC286A3BAF}.Debug|Any CPU.ActiveCfg = Debug|Any CPU
		{DB13678F-8815-4BEC-8198-2BAC286A3BAF}.Debug|Any CPU.Build.0 = Debug|Any CPU
		{DB13678F-8815-4BEC-8198-2BAC286A3BAF}.Debug|Mixed Platforms.ActiveCfg = Debug|Any CPU
		{DB13678F-8815-4BEC-8198-2BAC286A3BAF}.Debug|Mixed Platforms.Build.0 = Debug|Any CPU
		{DB13678F-8815-4BEC-8198-2BAC286A3BAF}.Debug|Win32.ActiveCfg = Debug|Any CPU
		{DB13678F-8815-4BEC-8198-2BAC286A3BAF}.Debug|x86.ActiveCfg = Debug|Any CPU
		{DB13678F-8815-4BEC-8198-2BAC286A3BAF}.Release|Any CPU.ActiveCfg = Release|Any CPU
		{DB13678F-8815-4BEC-8198-2BAC286A3BAF}.Release|Any CPU.Build.0 = Release|Any CPU
		{DB13678F-8815-4BEC-8198-2BAC286A3BAF}.Release|Mixed Platforms.ActiveCfg = Release|Any CPU
		{DB13678F-8815-4BEC-8198-2BAC286A3BAF}.Release|Mixed Platforms.Build.0 = Release|Any CPU
		{DB13678F-8815-4BEC-8198-2BAC286A3BAF}.Release|Win32.ActiveCfg = Release|Any CPU
		{DB13678F-8815-4BEC-8198-2BAC286A3BAF}.Release|x86.ActiveCfg = Release|Any CPU
		{B695A3B0-09BD-42CB-975D-496EBF1CDFA8}.Debug|Any CPU.ActiveCfg = Debug|Any CPU
		{B695A3B0-09BD-42CB-975D-496EBF1CDFA8}.Debug|Any CPU.Build.0 = Debug|Any CPU
		{B695A3B0-09BD-42CB-975D-496EBF1CDFA8}.Debug|Mixed Platforms.ActiveCfg = Debug|Any CPU
		{B695A3B0-09BD-42CB-975D-496EBF1CDFA8}.Debug|Mixed Platforms.Build.0 = Debug|Any CPU
		{B695A3B0-09BD-42CB-975D-496EBF1CDFA8}.Debug|Win32.ActiveCfg = Debug|Any CPU
		{B695A3B0-09BD-42CB-975D-496EBF1CDFA8}.Debug|x86.ActiveCfg = Debug|Any CPU
		{B695A3B0-09BD-42CB-975D-496EBF1CDFA8}.Release|Any CPU.ActiveCfg = Release|Any CPU
		{B695A3B0-09BD-42CB-975D-496EBF1CDFA8}.Release|Any CPU.Build.0 = Release|Any CPU
		{B695A3B0-09BD-42CB-975D-496EBF1CDFA8}.Release|Mixed Platforms.ActiveCfg = Release|Any CPU
		{B695A3B0-09BD-42CB-975D-496EBF1CDFA8}.Release|Mixed Platforms.Build.0 = Release|Any CPU
		{B695A3B0-09BD-42CB-975D-496EBF1CDFA8}.Release|Win32.ActiveCfg = Release|Any CPU
		{B695A3B0-09BD-42CB-975D-496EBF1CDFA8}.Release|x86.ActiveCfg = Release|Any CPU
		{A15E3E31-D4C2-472C-9FF0-D90387C18311}.Debug|Any CPU.ActiveCfg = Debug|Any CPU
		{A15E3E31-D4C2-472C-9FF0-D90387C18311}.Debug|Any CPU.Build.0 = Debug|Any CPU
		{A15E3E31-D4C2-472C-9FF0-D90387C18311}.Debug|Mixed Platforms.ActiveCfg = Debug|Any CPU
		{A15E3E31-D4C2-472C-9FF0-D90387C18311}.Debug|Mixed Platforms.Build.0 = Debug|Any CPU
		{A15E3E31-D4C2-472C-9FF0-D90387C18311}.Debug|Win32.ActiveCfg = Debug|Any CPU
		{A15E3E31-D4C2-472C-9FF0-D90387C18311}.Debug|x86.ActiveCfg = Debug|Any CPU
		{A15E3E31-D4C2-472C-9FF0-D90387C18311}.Release|Any CPU.ActiveCfg = Release|Any CPU
		{A15E3E31-D4C2-472C-9FF0-D90387C18311}.Release|Any CPU.Build.0 = Release|Any CPU
		{A15E3E31-D4C2-472C-9FF0-D90387C18311}.Release|Mixed Platforms.ActiveCfg = Release|Any CPU
		{A15E3E31-D4C2-472C-9FF0-D90387C18311}.Release|Mixed Platforms.Build.0 = Release|Any CPU
		{A15E3E31-D4C2-472C-9FF0-D90387C18311}.Release|Win32.ActiveCfg = Release|Any CPU
		{A15E3E31-D4C2-472C-9FF0-D90387C18311}.Release|x86.ActiveCfg = Release|Any CPU
		{664DCDF5-6F5D-4564-A810-68F688DB774F}.Debug|Any CPU.ActiveCfg = Debug|Any CPU
		{664DCDF5-6F5D-4564-A810-68F688DB774F}.Debug|Any CPU.Build.0 = Debug|Any CPU
		{664DCDF5-6F5D-4564-A810-68F688DB774F}.Debug|Mixed Platforms.ActiveCfg = Debug|Any CPU
		{664DCDF5-6F5D-4564-A810-68F688DB774F}.Debug|Mixed Platforms.Build.0 = Debug|Any CPU
		{664DCDF5-6F5D-4564-A810-68F688DB774F}.Debug|Win32.ActiveCfg = Debug|Any CPU
		{664DCDF5-6F5D-4564-A810-68F688DB774F}.Debug|x86.ActiveCfg = Debug|Any CPU
		{664DCDF5-6F5D-4564-A810-68F688DB774F}.Release|Any CPU.ActiveCfg = Release|Any CPU
		{664DCDF5-6F5D-4564-A810-68F688DB774F}.Release|Any CPU.Build.0 = Release|Any CPU
		{664DCDF5-6F5D-4564-A810-68F688DB774F}.Release|Mixed Platforms.ActiveCfg = Release|Any CPU
		{664DCDF5-6F5D-4564-A810-68F688DB774F}.Release|Mixed Platforms.Build.0 = Release|Any CPU
		{664DCDF5-6F5D-4564-A810-68F688DB774F}.Release|Win32.ActiveCfg = Release|Any CPU
		{664DCDF5-6F5D-4564-A810-68F688DB774F}.Release|x86.ActiveCfg = Release|Any CPU
		{2D56D636-1D17-400A-8C0A-0272F1013DFC}.Debug|Any CPU.ActiveCfg = Debug|Any CPU
		{2D56D636-1D17-400A-8C0A-0272F1013DFC}.Debug|Any CPU.Build.0 = Debug|Any CPU
		{2D56D636-1D17-400A-8C0A-0272F1013DFC}.Debug|Mixed Platforms.ActiveCfg = Debug|Any CPU
		{2D56D636-1D17-400A-8C0A-0272F1013DFC}.Debug|Mixed Platforms.Build.0 = Debug|Any CPU
		{2D56D636-1D17-400A-8C0A-0272F1013DFC}.Debug|Win32.ActiveCfg = Debug|Any CPU
		{2D56D636-1D17-400A-8C0A-0272F1013DFC}.Debug|x86.ActiveCfg = Debug|Any CPU
		{2D56D636-1D17-400A-8C0A-0272F1013DFC}.Release|Any CPU.ActiveCfg = Release|Any CPU
		{2D56D636-1D17-400A-8C0A-0272F1013DFC}.Release|Any CPU.Build.0 = Release|Any CPU
		{2D56D636-1D17-400A-8C0A-0272F1013DFC}.Release|Mixed Platforms.ActiveCfg = Release|Any CPU
		{2D56D636-1D17-400A-8C0A-0272F1013DFC}.Release|Mixed Platforms.Build.0 = Release|Any CPU
		{2D56D636-1D17-400A-8C0A-0272F1013DFC}.Release|Win32.ActiveCfg = Release|Any CPU
		{2D56D636-1D17-400A-8C0A-0272F1013DFC}.Release|x86.ActiveCfg = Release|Any CPU
		{290353D2-DD81-4374-9C6A-D8364D33A38C}.Debug|Any CPU.ActiveCfg = Debug|Any CPU
		{290353D2-DD81-4374-9C6A-D8364D33A38C}.Debug|Any CPU.Build.0 = Debug|Any CPU
		{290353D2-DD81-4374-9C6A-D8364D33A38C}.Debug|Mixed Platforms.ActiveCfg = Debug|Any CPU
		{290353D2-DD81-4374-9C6A-D8364D33A38C}.Debug|Mixed Platforms.Build.0 = Debug|Any CPU
		{290353D2-DD81-4374-9C6A-D8364D33A38C}.Debug|Win32.ActiveCfg = Debug|Any CPU
		{290353D2-DD81-4374-9C6A-D8364D33A38C}.Debug|x86.ActiveCfg = Debug|Any CPU
		{290353D2-DD81-4374-9C6A-D8364D33A38C}.Release|Any CPU.ActiveCfg = Release|Any CPU
		{290353D2-DD81-4374-9C6A-D8364D33A38C}.Release|Any CPU.Build.0 = Release|Any CPU
		{290353D2-DD81-4374-9C6A-D8364D33A38C}.Release|Mixed Platforms.ActiveCfg = Release|Any CPU
		{290353D2-DD81-4374-9C6A-D8364D33A38C}.Release|Mixed Platforms.Build.0 = Release|Any CPU
		{290353D2-DD81-4374-9C6A-D8364D33A38C}.Release|Win32.ActiveCfg = Release|Any CPU
		{290353D2-DD81-4374-9C6A-D8364D33A38C}.Release|x86.ActiveCfg = Release|Any CPU
		{ACD66B56-A9CF-4958-8050-07DDD1AA43BF}.Debug|Any CPU.ActiveCfg = Debug|Any CPU
		{ACD66B56-A9CF-4958-8050-07DDD1AA43BF}.Debug|Any CPU.Build.0 = Debug|Any CPU
		{ACD66B56-A9CF-4958-8050-07DDD1AA43BF}.Debug|Mixed Platforms.ActiveCfg = Debug|Any CPU
		{ACD66B56-A9CF-4958-8050-07DDD1AA43BF}.Debug|Mixed Platforms.Build.0 = Debug|Any CPU
		{ACD66B56-A9CF-4958-8050-07DDD1AA43BF}.Debug|Win32.ActiveCfg = Debug|Any CPU
		{ACD66B56-A9CF-4958-8050-07DDD1AA43BF}.Debug|x86.ActiveCfg = Debug|Any CPU
		{ACD66B56-A9CF-4958-8050-07DDD1AA43BF}.Release|Any CPU.ActiveCfg = Release|Any CPU
		{ACD66B56-A9CF-4958-8050-07DDD1AA43BF}.Release|Any CPU.Build.0 = Release|Any CPU
		{ACD66B56-A9CF-4958-8050-07DDD1AA43BF}.Release|Mixed Platforms.ActiveCfg = Release|Any CPU
		{ACD66B56-A9CF-4958-8050-07DDD1AA43BF}.Release|Mixed Platforms.Build.0 = Release|Any CPU
		{ACD66B56-A9CF-4958-8050-07DDD1AA43BF}.Release|Win32.ActiveCfg = Release|Any CPU
		{ACD66B56-A9CF-4958-8050-07DDD1AA43BF}.Release|x86.ActiveCfg = Release|Any CPU
	EndGlobalSection
	GlobalSection(SolutionProperties) = preSolution
		HideSolutionNode = FALSE
	EndGlobalSection
	GlobalSection(NestedProjects) = preSolution
		{F8F1988D-A66D-4646-A533-5EC367656C9E} = {C1A6C1BA-8DD5-4AFA-B6FD-83FD55940A06}
		{8DB79B29-2598-40EC-B57B-C8FCE7DA0F19} = {C1A6C1BA-8DD5-4AFA-B6FD-83FD55940A06}
		{0A807DFE-9F38-418E-A811-649B9AD78102} = {C1A6C1BA-8DD5-4AFA-B6FD-83FD55940A06}
		{F39EA837-99DD-4453-AA1A-DE408D47A0A6} = {C1A6C1BA-8DD5-4AFA-B6FD-83FD55940A06}
		{B95F9FD4-F2BB-44C8-9A3A-F2210670A51C} = {94E76990-53DB-430E-B933-991130369AEE}
		{DFF91717-C9EF-4881-9827-81D25F9A71A3} = {94E76990-53DB-430E-B933-991130369AEE}
		{1FBE870D-5664-4B24-A768-8A175A72ADDF} = {94E76990-53DB-430E-B933-991130369AEE}
		{896F47DD-A9FC-413C-B125-8E999F72E101} = {94E76990-53DB-430E-B933-991130369AEE}
		{EE69E896-8779-4E3D-A033-75A96F28DE2F} = {94E76990-53DB-430E-B933-991130369AEE}
		{A673442D-599D-4332-BCFA-8EC02171EFC0} = {94E76990-53DB-430E-B933-991130369AEE}
		{CE53747F-D2E6-4E1E-9EF4-A0AE02671B1D} = {94E76990-53DB-430E-B933-991130369AEE}
		{DB13678F-8815-4BEC-8198-2BAC286A3BAF} = {94E76990-53DB-430E-B933-991130369AEE}
		{B695A3B0-09BD-42CB-975D-496EBF1CDFA8} = {94E76990-53DB-430E-B933-991130369AEE}
		{2D56D636-1D17-400A-8C0A-0272F1013DFC} = {94E76990-53DB-430E-B933-991130369AEE}
		{290353D2-DD81-4374-9C6A-D8364D33A38C} = {94E76990-53DB-430E-B933-991130369AEE}
		{ACD66B56-A9CF-4958-8050-07DDD1AA43BF} = {94E76990-53DB-430E-B933-991130369AEE}
		{580ED668-6299-4147-BB62-8E6376DCBBD2} = {1EDDCB2C-2A32-4DD7-BBF1-89A33D7ED12C}
		{7E69F954-9BB3-4EB4-AB15-4727536945E8} = {1EDDCB2C-2A32-4DD7-BBF1-89A33D7ED12C}
		{08A3C27D-B83F-4F46-B42A-C05B49ACBFED} = {1EDDCB2C-2A32-4DD7-BBF1-89A33D7ED12C}
		{E840ABD1-AA8B-47E9-9B2A-948B37E418E3} = {1EDDCB2C-2A32-4DD7-BBF1-89A33D7ED12C}
		{BC034709-D769-4180-A2D8-0A20E1845CD8} = {1EDDCB2C-2A32-4DD7-BBF1-89A33D7ED12C}
		{112762A2-52A3-4D52-A9F6-DA2D7220C758} = {1EDDCB2C-2A32-4DD7-BBF1-89A33D7ED12C}
		{1462CA15-D742-49A9-8612-DF1E87D1B2AE} = {1EDDCB2C-2A32-4DD7-BBF1-89A33D7ED12C}
		{315ED78B-F3FD-4C69-8786-CCD216A5495D} = {1EDDCB2C-2A32-4DD7-BBF1-89A33D7ED12C}
		{5CA591E9-4CA6-44F2-88AB-0ABEA0667F1B} = {1EDDCB2C-2A32-4DD7-BBF1-89A33D7ED12C}
		{A17D678C-F60A-4120-B274-EC284E86FEB9} = {49210501-785D-4DCD-8C8F-53EB07EBA150}
		{ADA19178-9578-4B0A-95B1-D26DB40A4972} = {49210501-785D-4DCD-8C8F-53EB07EBA150}
		{E1F2C620-F968-4DD0-9A1D-B3070F9F4F3C} = {49210501-785D-4DCD-8C8F-53EB07EBA150}
		{D98FBB34-9674-4CAC-99F1-4B788B78DC77} = {49210501-785D-4DCD-8C8F-53EB07EBA150}
		{B3694ACC-C425-4335-A865-B2685D5E429F} = {49210501-785D-4DCD-8C8F-53EB07EBA150}
		{D9B387D9-6C12-491E-9680-520484809F05} = {49210501-785D-4DCD-8C8F-53EB07EBA150}
		{74916E8E-9384-4BEF-B422-64A62DE8D461} = {49210501-785D-4DCD-8C8F-53EB07EBA150}
		{664DCDF5-6F5D-4564-A810-68F688DB774F} = {49210501-785D-4DCD-8C8F-53EB07EBA150}
		{4240C059-B3D4-4E00-B35F-D56D2B943AFE} = {575F3929-9035-463E-A482-0990EA92CCE6}
		{0CD6FAB9-C06F-4E22-9BA5-A5ADAD3F61B1} = {4240C059-B3D4-4E00-B35F-D56D2B943AFE}
		{69AE48FD-B09E-464C-8503-370DB044084A} = {4240C059-B3D4-4E00-B35F-D56D2B943AFE}
		{C28A1DE0-08AA-4E5E-9450-2F86E7F59DB0} = {4240C059-B3D4-4E00-B35F-D56D2B943AFE}
		{899FA942-7A28-4228-B93D-012174419865} = {4240C059-B3D4-4E00-B35F-D56D2B943AFE}
		{A15E3E31-D4C2-472C-9FF0-D90387C18311} = {4240C059-B3D4-4E00-B35F-D56D2B943AFE}
	EndGlobalSection
EndGlobal
